Microsoft Visual Studio Solution File, Format Version 12.00
# Visual Studio 14
VisualStudioVersion = 14.0.25420.1
MinimumVisualStudioVersion = 10.0.40219.1
Project("{D954291E-2A0B-460D-934E-DC6B0785DB48}") = "BTTP", "BTTP\BTTP.shproj", "{D7D4BCB7-E5FD-4A7F-B8DD-BE03AF359488}"
EndProject
Project("{FAE04EC0-301F-11D3-BF4B-00C04F79EFBC}") = "BTTP.iOS", "iOS\BTTP.iOS.csproj", "{0305871D-FD0B-4F77-B63E-E19D406D991B}"
EndProject
Project("{FAE04EC0-301F-11D3-BF4B-00C04F79EFBC}") = "BTTP.Droid", "Droid\BTTP.Droid.csproj", "{9DCB3B87-87B2-4DB4-9EA4-34C256386166}"
EndProject
Global
	GlobalSection(SharedMSBuildProjectFiles) = preSolution
		BTTP\BTTP.projitems*{0305871d-fd0b-4f77-b63e-e19d406d991b}*SharedItemsImports = 4
		BTTP\BTTP.projitems*{9dcb3b87-87b2-4db4-9ea4-34c256386166}*SharedItemsImports = 4
		BTTP\BTTP.projitems*{d7d4bcb7-e5fd-4a7f-b8dd-be03af359488}*SharedItemsImports = 13
	EndGlobalSection
	GlobalSection(SolutionConfigurationPlatforms) = preSolution
		Debug|Any CPU = Debug|Any CPU
		Debug|iPhone = Debug|iPhone
		Debug|iPhoneSimulator = Debug|iPhoneSimulator
		Release|Any CPU = Release|Any CPU
		Release|iPhone = Release|iPhone
		Release|iPhoneSimulator = Release|iPhoneSimulator
	EndGlobalSection
	GlobalSection(ProjectConfigurationPlatforms) = postSolution
		{0305871D-FD0B-4F77-B63E-E19D406D991B}.Debug|Any CPU.ActiveCfg = Debug|iPhoneSimulator
		{0305871D-FD0B-4F77-B63E-E19D406D991B}.Debug|Any CPU.Build.0 = Debug|iPhoneSimulator
		{0305871D-FD0B-4F77-B63E-E19D406D991B}.Debug|iPhone.ActiveCfg = Debug|iPhone
		{0305871D-FD0B-4F77-B63E-E19D406D991B}.Debug|iPhone.Build.0 = Debug|iPhone
		{0305871D-FD0B-4F77-B63E-E19D406D991B}.Debug|iPhoneSimulator.ActiveCfg = Debug|iPhoneSimulator
		{0305871D-FD0B-4F77-B63E-E19D406D991B}.Debug|iPhoneSimulator.Build.0 = Debug|iPhoneSimulator
		{0305871D-FD0B-4F77-B63E-E19D406D991B}.Release|Any CPU.ActiveCfg = Release|iPhone
		{0305871D-FD0B-4F77-B63E-E19D406D991B}.Release|Any CPU.Build.0 = Release|iPhone
		{0305871D-FD0B-4F77-B63E-E19D406D991B}.Release|iPhone.ActiveCfg = Release|iPhone
		{0305871D-FD0B-4F77-B63E-E19D406D991B}.Release|iPhone.Build.0 = Release|iPhone
		{0305871D-FD0B-4F77-B63E-E19D406D991B}.Release|iPhoneSimulator.ActiveCfg = Release|iPhoneSimulator
		{0305871D-FD0B-4F77-B63E-E19D406D991B}.Release|iPhoneSimulator.Build.0 = Release|iPhoneSimulator
		{9DCB3B87-87B2-4DB4-9EA4-34C256386166}.Debug|Any CPU.ActiveCfg = Debug|Any CPU
		{9DCB3B87-87B2-4DB4-9EA4-34C256386166}.Debug|Any CPU.Build.0 = Debug|Any CPU
		{9DCB3B87-87B2-4DB4-9EA4-34C256386166}.Debug|Any CPU.Deploy.0 = Debug|Any CPU
		{9DCB3B87-87B2-4DB4-9EA4-34C256386166}.Debug|iPhone.ActiveCfg = Debug|Any CPU
		{9DCB3B87-87B2-4DB4-9EA4-34C256386166}.Debug|iPhone.Build.0 = Debug|Any CPU
		{9DCB3B87-87B2-4DB4-9EA4-34C256386166}.Debug|iPhoneSimulator.ActiveCfg = Debug|Any CPU
		{9DCB3B87-87B2-4DB4-9EA4-34C256386166}.Debug|iPhoneSimulator.Build.0 = Debug|Any CPU
		{9DCB3B87-87B2-4DB4-9EA4-34C256386166}.Debug|iPhoneSimulator.Deploy.0 = Debug|Any CPU
		{9DCB3B87-87B2-4DB4-9EA4-34C256386166}.Release|Any CPU.ActiveCfg = Release|Any CPU
		{9DCB3B87-87B2-4DB4-9EA4-34C256386166}.Release|Any CPU.Build.0 = Release|Any CPU
		{9DCB3B87-87B2-4DB4-9EA4-34C256386166}.Release|iPhone.ActiveCfg = Release|Any CPU
		{9DCB3B87-87B2-4DB4-9EA4-34C256386166}.Release|iPhone.Build.0 = Release|Any CPU
		{9DCB3B87-87B2-4DB4-9EA4-34C256386166}.Release|iPhoneSimulator.ActiveCfg = Release|Any CPU
		{9DCB3B87-87B2-4DB4-9EA4-34C256386166}.Release|iPhoneSimulator.Build.0 = Release|Any CPU
	EndGlobalSection
	GlobalSection(SolutionProperties) = preSolution
		HideSolutionNode = FALSE
	EndGlobalSection
EndGlobal
